
Microsoft Visual Studio Solution File, Format Version 12.00
# Visual Studio Version 16
VisualStudioVersion = 16.0.30611.23
MinimumVisualStudioVersion = 10.0.40219.1
Project("{FAE04EC0-301F-11D3-BF4B-00C04F79EFBC}") = "DAL", "DAL\DAL.csproj", "{21D27150-1C79-4CF9-BE89-CDC68688D5B1}"
EndProject
Project("{FAE04EC0-301F-11D3-BF4B-00C04F79EFBC}") = "Model", "Model\Model.csproj", "{CE391FA9-B906-4ABE-8450-49D95F281AE7}"
EndProject
Project("{FAE04EC0-301F-11D3-BF4B-00C04F79EFBC}") = "BLL", "BLL\BLL.csproj", "{A816F139-3B44-416F-B54B-F234B179C026}"
EndProject
Project("{FAE04EC0-301F-11D3-BF4B-00C04F79EFBC}") = "API", "API\API.csproj", "{8F2B43A1-33BC-48D0-B7B4-B1D1D3198B4E}"
EndProject
Project("{FAE04EC0-301F-11D3-BF4B-00C04F79EFBC}") = "UI", "UI\UI.csproj", "{FC8481C9-9E2C-4E6C-BA74-96A3A75D2837}"
EndProject
Global
	GlobalSection(SolutionConfigurationPlatforms) = preSolution
		Debug|Any CPU = Debug|Any CPU
		Release|Any CPU = Release|Any CPU
	EndGlobalSection
	GlobalSection(ProjectConfigurationPlatforms) = postSolution
		{21D27150-1C79-4CF9-BE89-CDC68688D5B1}.Debug|Any CPU.ActiveCfg = Debug|Any CPU
		{21D27150-1C79-4CF9-BE89-CDC68688D5B1}.Debug|Any CPU.Build.0 = Debug|Any CPU
		{21D27150-1C79-4CF9-BE89-CDC68688D5B1}.Release|Any CPU.ActiveCfg = Release|Any CPU
		{21D27150-1C79-4CF9-BE89-CDC68688D5B1}.Release|Any CPU.Build.0 = Release|Any CPU
		{CE391FA9-B906-4ABE-8450-49D95F281AE7}.Debug|Any CPU.ActiveCfg = Debug|Any CPU
		{CE391FA9-B906-4ABE-8450-49D95F281AE7}.Debug|Any CPU.Build.0 = Debug|Any CPU
		{CE391FA9-B906-4ABE-8450-49D95F281AE7}.Release|Any CPU.ActiveCfg = Release|Any CPU
		{CE391FA9-B906-4ABE-8450-49D95F281AE7}.Release|Any CPU.Build.0 = Release|Any CPU
		{A816F139-3B44-416F-B54B-F234B179C026}.Debug|Any CPU.ActiveCfg = Debug|Any CPU
		{A816F139-3B44-416F-B54B-F234B179C026}.Debug|Any CPU.Build.0 = Debug|Any CPU
		{A816F139-3B44-416F-B54B-F234B179C026}.Release|Any CPU.ActiveCfg = Release|Any CPU
		{A816F139-3B44-416F-B54B-F234B179C026}.Release|Any CPU.Build.0 = Release|Any CPU
		{8F2B43A1-33BC-48D0-B7B4-B1D1D3198B4E}.Debug|Any CPU.ActiveCfg = Debug|Any CPU
		{8F2B43A1-33BC-48D0-B7B4-B1D1D3198B4E}.Debug|Any CPU.Build.0 = Debug|Any CPU
		{8F2B43A1-33BC-48D0-B7B4-B1D1D3198B4E}.Release|Any CPU.ActiveCfg = Release|Any CPU
		{8F2B43A1-33BC-48D0-B7B4-B1D1D3198B4E}.Release|Any CPU.Build.0 = Release|Any CPU
		{FC8481C9-9E2C-4E6C-BA74-96A3A75D2837}.Debug|Any CPU.ActiveCfg = Debug|Any CPU
		{FC8481C9-9E2C-4E6C-BA74-96A3A75D2837}.Debug|Any CPU.Build.0 = Debug|Any CPU
		{FC8481C9-9E2C-4E6C-BA74-96A3A75D2837}.Release|Any CPU.ActiveCfg = Release|Any CPU
		{FC8481C9-9E2C-4E6C-BA74-96A3A75D2837}.Release|Any CPU.Build.0 = Release|Any CPU
	EndGlobalSection
	GlobalSection(SolutionProperties) = preSolution
		HideSolutionNode = FALSE
	EndGlobalSection
	GlobalSection(ExtensibilityGlobals) = postSolution
		SolutionGuid = {525B64F0-2BB9-4473-B319-DA0E1D7F14D6}
	EndGlobalSection
EndGlobal
